
Microsoft Visual Studio Solution File, Format Version 12.00
# Visual Studio Version 17
VisualStudioVersion = 17.8.34525.116
MinimumVisualStudioVersion = 10.0.40219.1
Project("{FAE04EC0-301F-11D3-BF4B-00C04F79EFBC}") = "StarupIdeas", "StarupIdeas\StarupIdeas.csproj", "{B05C4B9A-2566-4B04-985A-DE8B7D6D4E88}"
EndProject
Global
	GlobalSection(SolutionConfigurationPlatforms) = preSolution
		Debug|Any CPU = Debug|Any CPU
		Release|Any CPU = Release|Any CPU
	EndGlobalSection
	GlobalSection(ProjectConfigurationPlatforms) = postSolution
		{B05C4B9A-2566-4B04-985A-DE8B7D6D4E88}.Debug|Any CPU.ActiveCfg = Debug|Any CPU
		{B05C4B9A-2566-4B04-985A-DE8B7D6D4E88}.Debug|Any CPU.Build.0 = Debug|Any CPU
		{B05C4B9A-2566-4B04-985A-DE8B7D6D4E88}.Release|Any CPU.ActiveCfg = Release|Any CPU
		{B05C4B9A-2566-4B04-985A-DE8B7D6D4E88}.Release|Any CPU.Build.0 = Release|Any CPU
	EndGlobalSection
	GlobalSection(SolutionProperties) = preSolution
		HideSolutionNode = FALSE
	EndGlobalSection
	GlobalSection(ExtensibilityGlobals) = postSolution
		SolutionGuid = {59387419-1343-4C84-86D7-EF5F10A0EF8F}
	EndGlobalSection
EndGlobal
