
Microsoft Visual Studio Solution File, Format Version 12.00
# Visual Studio Version 17
VisualStudioVersion = 17.8.34525.116
MinimumVisualStudioVersion = 10.0.40219.1
Project("{9A19103F-16F7-4668-BE54-9A1E7A4F7556}") = "SSI.Web.Client", "SSI.Web.Client\SSI.Web.Client.csproj", "{78CF0AFD-2713-4C22-BC97-AA2C3ADD8C43}"
EndProject
Project("{9A19103F-16F7-4668-BE54-9A1E7A4F7556}") = "SSI.Data", "SSI.Data\SSI.Data.csproj", "{92395FC2-3716-4E4C-95A8-33DCD0674DBC}"
	ProjectSection(ProjectDependencies) = postProject
		{0EA743C7-012E-4DE4-92C0-A1CA795C3EE4} = {0EA743C7-012E-4DE4-92C0-A1CA795C3EE4}
	EndProjectSection
EndProject
Project("{9A19103F-16F7-4668-BE54-9A1E7A4F7556}") = "SSI.Share", "SSI.Share\SSI.Share.csproj", "{0EA743C7-012E-4DE4-92C0-A1CA795C3EE4}"
EndProject
Project("{FAE04EC0-301F-11D3-BF4B-00C04F79EFBC}") = "SSI.Services", "SSI.Services\SSI.Services.csproj", "{F7B8A262-B734-4731-8919-B2F828878E19}"
EndProject
Global
	GlobalSection(SolutionConfigurationPlatforms) = preSolution
		Debug|Any CPU = Debug|Any CPU
		Release|Any CPU = Release|Any CPU
	EndGlobalSection
	GlobalSection(ProjectConfigurationPlatforms) = postSolution
		{78CF0AFD-2713-4C22-BC97-AA2C3ADD8C43}.Debug|Any CPU.ActiveCfg = Debug|Any CPU
		{78CF0AFD-2713-4C22-BC97-AA2C3ADD8C43}.Debug|Any CPU.Build.0 = Debug|Any CPU
		{78CF0AFD-2713-4C22-BC97-AA2C3ADD8C43}.Release|Any CPU.ActiveCfg = Release|Any CPU
		{78CF0AFD-2713-4C22-BC97-AA2C3ADD8C43}.Release|Any CPU.Build.0 = Release|Any CPU
		{92395FC2-3716-4E4C-95A8-33DCD0674DBC}.Debug|Any CPU.ActiveCfg = Debug|Any CPU
		{92395FC2-3716-4E4C-95A8-33DCD0674DBC}.Debug|Any CPU.Build.0 = Debug|Any CPU
		{92395FC2-3716-4E4C-95A8-33DCD0674DBC}.Release|Any CPU.ActiveCfg = Release|Any CPU
		{92395FC2-3716-4E4C-95A8-33DCD0674DBC}.Release|Any CPU.Build.0 = Release|Any CPU
		{0EA743C7-012E-4DE4-92C0-A1CA795C3EE4}.Debug|Any CPU.ActiveCfg = Debug|Any CPU
		{0EA743C7-012E-4DE4-92C0-A1CA795C3EE4}.Debug|Any CPU.Build.0 = Debug|Any CPU
		{0EA743C7-012E-4DE4-92C0-A1CA795C3EE4}.Release|Any CPU.ActiveCfg = Release|Any CPU
		{0EA743C7-012E-4DE4-92C0-A1CA795C3EE4}.Release|Any CPU.Build.0 = Release|Any CPU
		{F7B8A262-B734-4731-8919-B2F828878E19}.Debug|Any CPU.ActiveCfg = Debug|Any CPU
		{F7B8A262-B734-4731-8919-B2F828878E19}.Debug|Any CPU.Build.0 = Debug|Any CPU
		{F7B8A262-B734-4731-8919-B2F828878E19}.Release|Any CPU.ActiveCfg = Release|Any CPU
		{F7B8A262-B734-4731-8919-B2F828878E19}.Release|Any CPU.Build.0 = Release|Any CPU
	EndGlobalSection
	GlobalSection(SolutionProperties) = preSolution
		HideSolutionNode = FALSE
	EndGlobalSection
	GlobalSection(ExtensibilityGlobals) = postSolution
		SolutionGuid = {2DACD4E0-1E0F-4DAA-9A2D-325F9F754638}
	EndGlobalSection
EndGlobal
